{
  "name": "bouger",
  "version": "1.0.0",
  "lockfileVersion": 2,
  "requires": true,
  "packages": {
    "": {
      "name": "bouger",
      "version": "1.0.0",
      "license": "ISC",
      "dependencies": {
        "bulma": "^0.8.1",
        "bulma-extensions": "^6.2.7"
      }
    },
    "node_modules/bulma": {
      "version": "0.8.1",
      "resolved": "https://registry.npmjs.org/bulma/-/bulma-0.8.1.tgz",
      "integrity": "sha512-Afi2zv4DKmNSYfmx55V+Mtnt8+WfR8Rs65kWArmzEuWP7vNr7dSAEDI+ORZlgOR1gueNZwpKaPdUi4ZiTNwgPA=="
    },
    "node_modules/bulma-extensions": {
      "version": "6.2.7",
      "resolved": "https://registry.npmjs.org/bulma-extensions/-/bulma-extensions-6.2.7.tgz",
      "integrity": "sha512-y3dHsxlCYkuxUg87KKN9H4InM8NCk8tdnrlxLkYak8sd2WQdllg3wP2Nv41lj8X46uPXX2ADP0MO65LlXPHt/Q=="
    }
  },
  "dependencies": {
    "bulma": {
      "version": "0.8.1",
      "resolved": "https://registry.npmjs.org/bulma/-/bulma-0.8.1.tgz",
      "integrity": "sha512-Afi2zv4DKmNSYfmx55V+Mtnt8+WfR8Rs65kWArmzEuWP7vNr7dSAEDI+ORZlgOR1gueNZwpKaPdUi4ZiTNwgPA=="
    },
    "bulma-extensions": {
      "version": "6.2.7",
      "resolved": "https://registry.npmjs.org/bulma-extensions/-/bulma-extensions-6.2.7.tgz",
      "integrity": "sha512-y3dHsxlCYkuxUg87KKN9H4InM8NCk8tdnrlxLkYak8sd2WQdllg3wP2Nv41lj8X46uPXX2ADP0MO65LlXPHt/Q=="
    }
  }
}
